{
  "name": "react-ar-test",
  "version": "0.1.0",
  "lockfileVersion": 1,
  "requires": true,
  "dependencies": {
    "react-web-ar": {
      "version": "1.0.0-beta2",
      "resolved": "https://registry.npmjs.org/react-web-ar/-/react-web-ar-1.0.0-beta2.tgz",
      "integrity": "sha512-+g4jx0bfmbOn5DbOPNQAKC8m85sS9EUN7rZC8exHpdItieVOxJRubzX4AAM+xdoMzMz/on7/IRViLClC7CoSOQ=="
    },
    "three": {
      "version": "0.87.1",
      "resolved": "https://registry.npmjs.org/three/-/three-0.87.1.tgz",
      "integrity": "sha1-Rmo07cRUNFnO2bnX0na2Uhb+K6g="
    }
  }
}
